
Microsoft Visual Studio Solution File, Format Version 12.00
# Visual Studio Version 17
VisualStudioVersion = 17.10.35013.160
MinimumVisualStudioVersion = 10.0.40219.1
Project("{8BC9CEB8-8B4A-11D0-8D11-00A0C91BC942}") = "001_HelloWord", "001_HelloWord\001_HelloWord.vcxproj", "{B8D4BC2D-9AF1-4986-870B-602CDA996A89}"
EndProject
Project("{8BC9CEB8-8B4A-11D0-8D11-00A0C91BC942}") = "002_name", "002_name\002_name.vcxproj", "{797A86ED-BADC-495F-A2B0-95BD7CE8BB85}"
EndProject
Project("{8BC9CEB8-8B4A-11D0-8D11-00A0C91BC942}") = "003_c언", "003_name\003_name.vcxproj", "{239CCF70-4636-49F6-9CEF-E4F3CE1EDAA7}"
EndProject
Project("{8BC9CEB8-8B4A-11D0-8D11-00A0C91BC942}") = "004_애국가", "004_애국가\004_애국가.vcxproj", "{FD795078-A824-49AC-B20C-318ACC376958}"
EndProject
Project("{8BC9CEB8-8B4A-11D0-8D11-00A0C91BC942}") = "005_plus", "005_plus\005_plus.vcxproj", "{9F32526B-1C46-473C-9286-EB44E56BCBD0}"
EndProject
Project("{8BC9CEB8-8B4A-11D0-8D11-00A0C91BC942}") = "006_format", "006_format\006_format.vcxproj", "{728731A2-1833-4436-A5B1-A86C773CB88B}"
EndProject
Project("{8BC9CEB8-8B4A-11D0-8D11-00A0C91BC942}") = "007_variable", "007_variable\007_variable.vcxproj", "{12C662CF-3302-44FF-9CC4-744A9B80BC84}"
EndProject
Project("{8BC9CEB8-8B4A-11D0-8D11-00A0C91BC942}") = "008_arithmetic", "008_arithmetic\008_arithmetic.vcxproj", "{F27A9F09-9B0A-4E44-B6EC-14A04500172A}"
EndProject
Project("{8BC9CEB8-8B4A-11D0-8D11-00A0C91BC942}") = "009__sizeof", "009__sizeof\009__sizeof.vcxproj", "{673C6E5F-CD22-4CE8-BCA6-E9D96FF6FEE3}"
EndProject
Project("{8BC9CEB8-8B4A-11D0-8D11-00A0C91BC942}") = "010_type", "010_type\010_type.vcxproj", "{10F01EC5-1ACE-4732-AC52-4FF80F0E6F24}"
EndProject
Project("{8BC9CEB8-8B4A-11D0-8D11-00A0C91BC942}") = "011_average", "011_average\011_average.vcxproj", "{DA416361-8EE9-4786-810E-3B4F786E9A3D}"
EndProject
Project("{8BC9CEB8-8B4A-11D0-8D11-00A0C91BC942}") = "012_ascii", "012_ascii\012_ascii.vcxproj", "{2C8DE07F-4461-4BB0-BD95-8B89449F948B}"
EndProject
Project("{8BC9CEB8-8B4A-11D0-8D11-00A0C91BC942}") = "013_ASCII2", "013_\013_.vcxproj", "{72161E79-57F8-4E42-A324-576FBA0624E4}"
EndProject
Project("{8BC9CEB8-8B4A-11D0-8D11-00A0C91BC942}") = "014_increment", "014_increment\014_increment.vcxproj", "{0BE29F1A-45CD-41C5-BDBE-0F8660730D6F}"
EndProject
Project("{8BC9CEB8-8B4A-11D0-8D11-00A0C91BC942}") = "015_relationalOp", "015_relationalOp\015_relationalOp.vcxproj", "{4E4FF038-767D-4DA6-830C-09CF56EA60EE}"
EndProject
Global
	GlobalSection(SolutionConfigurationPlatforms) = preSolution
		Debug|x64 = Debug|x64
		Debug|x86 = Debug|x86
		Release|x64 = Release|x64
		Release|x86 = Release|x86
	EndGlobalSection
	GlobalSection(ProjectConfigurationPlatforms) = postSolution
		{B8D4BC2D-9AF1-4986-870B-602CDA996A89}.Debug|x64.ActiveCfg = Debug|x64
		{B8D4BC2D-9AF1-4986-870B-602CDA996A89}.Debug|x64.Build.0 = Debug|x64
		{B8D4BC2D-9AF1-4986-870B-602CDA996A89}.Debug|x86.ActiveCfg = Debug|Win32
		{B8D4BC2D-9AF1-4986-870B-602CDA996A89}.Debug|x86.Build.0 = Debug|Win32
		{B8D4BC2D-9AF1-4986-870B-602CDA996A89}.Release|x64.ActiveCfg = Release|x64
		{B8D4BC2D-9AF1-4986-870B-602CDA996A89}.Release|x64.Build.0 = Release|x64
		{B8D4BC2D-9AF1-4986-870B-602CDA996A89}.Release|x86.ActiveCfg = Release|Win32
		{B8D4BC2D-9AF1-4986-870B-602CDA996A89}.Release|x86.Build.0 = Release|Win32
		{797A86ED-BADC-495F-A2B0-95BD7CE8BB85}.Debug|x64.ActiveCfg = Debug|x64
		{797A86ED-BADC-495F-A2B0-95BD7CE8BB85}.Debug|x64.Build.0 = Debug|x64
		{797A86ED-BADC-495F-A2B0-95BD7CE8BB85}.Debug|x86.ActiveCfg = Debug|Win32
		{797A86ED-BADC-495F-A2B0-95BD7CE8BB85}.Debug|x86.Build.0 = Debug|Win32
		{797A86ED-BADC-495F-A2B0-95BD7CE8BB85}.Release|x64.ActiveCfg = Release|x64
		{797A86ED-BADC-495F-A2B0-95BD7CE8BB85}.Release|x64.Build.0 = Release|x64
		{797A86ED-BADC-495F-A2B0-95BD7CE8BB85}.Release|x86.ActiveCfg = Release|Win32
		{797A86ED-BADC-495F-A2B0-95BD7CE8BB85}.Release|x86.Build.0 = Release|Win32
		{239CCF70-4636-49F6-9CEF-E4F3CE1EDAA7}.Debug|x64.ActiveCfg = Debug|x64
		{239CCF70-4636-49F6-9CEF-E4F3CE1EDAA7}.Debug|x64.Build.0 = Debug|x64
		{239CCF70-4636-49F6-9CEF-E4F3CE1EDAA7}.Debug|x86.ActiveCfg = Debug|Win32
		{239CCF70-4636-49F6-9CEF-E4F3CE1EDAA7}.Debug|x86.Build.0 = Debug|Win32
		{239CCF70-4636-49F6-9CEF-E4F3CE1EDAA7}.Release|x64.ActiveCfg = Release|x64
		{239CCF70-4636-49F6-9CEF-E4F3CE1EDAA7}.Release|x64.Build.0 = Release|x64
		{239CCF70-4636-49F6-9CEF-E4F3CE1EDAA7}.Release|x86.ActiveCfg = Release|Win32
		{239CCF70-4636-49F6-9CEF-E4F3CE1EDAA7}.Release|x86.Build.0 = Release|Win32
		{FD795078-A824-49AC-B20C-318ACC376958}.Debug|x64.ActiveCfg = Debug|x64
		{FD795078-A824-49AC-B20C-318ACC376958}.Debug|x64.Build.0 = Debug|x64
		{FD795078-A824-49AC-B20C-318ACC376958}.Debug|x86.ActiveCfg = Debug|Win32
		{FD795078-A824-49AC-B20C-318ACC376958}.Debug|x86.Build.0 = Debug|Win32
		{FD795078-A824-49AC-B20C-318ACC376958}.Release|x64.ActiveCfg = Release|x64
		{FD795078-A824-49AC-B20C-318ACC376958}.Release|x64.Build.0 = Release|x64
		{FD795078-A824-49AC-B20C-318ACC376958}.Release|x86.ActiveCfg = Release|Win32
		{FD795078-A824-49AC-B20C-318ACC376958}.Release|x86.Build.0 = Release|Win32
		{9F32526B-1C46-473C-9286-EB44E56BCBD0}.Debug|x64.ActiveCfg = Debug|x64
		{9F32526B-1C46-473C-9286-EB44E56BCBD0}.Debug|x64.Build.0 = Debug|x64
		{9F32526B-1C46-473C-9286-EB44E56BCBD0}.Debug|x86.ActiveCfg = Debug|Win32
		{9F32526B-1C46-473C-9286-EB44E56BCBD0}.Debug|x86.Build.0 = Debug|Win32
		{9F32526B-1C46-473C-9286-EB44E56BCBD0}.Release|x64.ActiveCfg = Release|x64
		{9F32526B-1C46-473C-9286-EB44E56BCBD0}.Release|x64.Build.0 = Release|x64
		{9F32526B-1C46-473C-9286-EB44E56BCBD0}.Release|x86.ActiveCfg = Release|Win32
		{9F32526B-1C46-473C-9286-EB44E56BCBD0}.Release|x86.Build.0 = Release|Win32
		{728731A2-1833-4436-A5B1-A86C773CB88B}.Debug|x64.ActiveCfg = Debug|x64
		{728731A2-1833-4436-A5B1-A86C773CB88B}.Debug|x64.Build.0 = Debug|x64
		{728731A2-1833-4436-A5B1-A86C773CB88B}.Debug|x86.ActiveCfg = Debug|Win32
		{728731A2-1833-4436-A5B1-A86C773CB88B}.Debug|x86.Build.0 = Debug|Win32
		{728731A2-1833-4436-A5B1-A86C773CB88B}.Release|x64.ActiveCfg = Release|x64
		{728731A2-1833-4436-A5B1-A86C773CB88B}.Release|x64.Build.0 = Release|x64
		{728731A2-1833-4436-A5B1-A86C773CB88B}.Release|x86.ActiveCfg = Release|Win32
		{728731A2-1833-4436-A5B1-A86C773CB88B}.Release|x86.Build.0 = Release|Win32
		{12C662CF-3302-44FF-9CC4-744A9B80BC84}.Debug|x64.ActiveCfg = Debug|x64
		{12C662CF-3302-44FF-9CC4-744A9B80BC84}.Debug|x64.Build.0 = Debug|x64
		{12C662CF-3302-44FF-9CC4-744A9B80BC84}.Debug|x86.ActiveCfg = Debug|Win32
		{12C662CF-3302-44FF-9CC4-744A9B80BC84}.Debug|x86.Build.0 = Debug|Win32
		{12C662CF-3302-44FF-9CC4-744A9B80BC84}.Release|x64.ActiveCfg = Release|x64
		{12C662CF-3302-44FF-9CC4-744A9B80BC84}.Release|x64.Build.0 = Release|x64
		{12C662CF-3302-44FF-9CC4-744A9B80BC84}.Release|x86.ActiveCfg = Release|Win32
		{12C662CF-3302-44FF-9CC4-744A9B80BC84}.Release|x86.Build.0 = Release|Win32
		{F27A9F09-9B0A-4E44-B6EC-14A04500172A}.Debug|x64.ActiveCfg = Debug|x64
		{F27A9F09-9B0A-4E44-B6EC-14A04500172A}.Debug|x64.Build.0 = Debug|x64
		{F27A9F09-9B0A-4E44-B6EC-14A04500172A}.Debug|x86.ActiveCfg = Debug|Win32
		{F27A9F09-9B0A-4E44-B6EC-14A04500172A}.Debug|x86.Build.0 = Debug|Win32
		{F27A9F09-9B0A-4E44-B6EC-14A04500172A}.Release|x64.ActiveCfg = Release|x64
		{F27A9F09-9B0A-4E44-B6EC-14A04500172A}.Release|x64.Build.0 = Release|x64
		{F27A9F09-9B0A-4E44-B6EC-14A04500172A}.Release|x86.ActiveCfg = Release|Win32
		{F27A9F09-9B0A-4E44-B6EC-14A04500172A}.Release|x86.Build.0 = Release|Win32
		{673C6E5F-CD22-4CE8-BCA6-E9D96FF6FEE3}.Debug|x64.ActiveCfg = Debug|x64
		{673C6E5F-CD22-4CE8-BCA6-E9D96FF6FEE3}.Debug|x64.Build.0 = Debug|x64
		{673C6E5F-CD22-4CE8-BCA6-E9D96FF6FEE3}.Debug|x86.ActiveCfg = Debug|Win32
		{673C6E5F-CD22-4CE8-BCA6-E9D96FF6FEE3}.Debug|x86.Build.0 = Debug|Win32
		{673C6E5F-CD22-4CE8-BCA6-E9D96FF6FEE3}.Release|x64.ActiveCfg = Release|x64
		{673C6E5F-CD22-4CE8-BCA6-E9D96FF6FEE3}.Release|x64.Build.0 = Release|x64
		{673C6E5F-CD22-4CE8-BCA6-E9D96FF6FEE3}.Release|x86.ActiveCfg = Release|Win32
		{673C6E5F-CD22-4CE8-BCA6-E9D96FF6FEE3}.Release|x86.Build.0 = Release|Win32
		{10F01EC5-1ACE-4732-AC52-4FF80F0E6F24}.Debug|x64.ActiveCfg = Debug|x64
		{10F01EC5-1ACE-4732-AC52-4FF80F0E6F24}.Debug|x64.Build.0 = Debug|x64
		{10F01EC5-1ACE-4732-AC52-4FF80F0E6F24}.Debug|x86.ActiveCfg = Debug|Win32
		{10F01EC5-1ACE-4732-AC52-4FF80F0E6F24}.Debug|x86.Build.0 = Debug|Win32
		{10F01EC5-1ACE-4732-AC52-4FF80F0E6F24}.Release|x64.ActiveCfg = Release|x64
		{10F01EC5-1ACE-4732-AC52-4FF80F0E6F24}.Release|x64.Build.0 = Release|x64
		{10F01EC5-1ACE-4732-AC52-4FF80F0E6F24}.Release|x86.ActiveCfg = Release|Win32
		{10F01EC5-1ACE-4732-AC52-4FF80F0E6F24}.Release|x86.Build.0 = Release|Win32
		{DA416361-8EE9-4786-810E-3B4F786E9A3D}.Debug|x64.ActiveCfg = Debug|x64
		{DA416361-8EE9-4786-810E-3B4F786E9A3D}.Debug|x64.Build.0 = Debug|x64
		{DA416361-8EE9-4786-810E-3B4F786E9A3D}.Debug|x86.ActiveCfg = Debug|Win32
		{DA416361-8EE9-4786-810E-3B4F786E9A3D}.Debug|x86.Build.0 = Debug|Win32
		{DA416361-8EE9-4786-810E-3B4F786E9A3D}.Release|x64.ActiveCfg = Release|x64
		{DA416361-8EE9-4786-810E-3B4F786E9A3D}.Release|x64.Build.0 = Release|x64
		{DA416361-8EE9-4786-810E-3B4F786E9A3D}.Release|x86.ActiveCfg = Release|Win32
		{DA416361-8EE9-4786-810E-3B4F786E9A3D}.Release|x86.Build.0 = Release|Win32
		{2C8DE07F-4461-4BB0-BD95-8B89449F948B}.Debug|x64.ActiveCfg = Debug|x64
		{2C8DE07F-4461-4BB0-BD95-8B89449F948B}.Debug|x64.Build.0 = Debug|x64
		{2C8DE07F-4461-4BB0-BD95-8B89449F948B}.Debug|x86.ActiveCfg = Debug|Win32
		{2C8DE07F-4461-4BB0-BD95-8B89449F948B}.Debug|x86.Build.0 = Debug|Win32
		{2C8DE07F-4461-4BB0-BD95-8B89449F948B}.Release|x64.ActiveCfg = Release|x64
		{2C8DE07F-4461-4BB0-BD95-8B89449F948B}.Release|x64.Build.0 = Release|x64
		{2C8DE07F-4461-4BB0-BD95-8B89449F948B}.Release|x86.ActiveCfg = Release|Win32
		{2C8DE07F-4461-4BB0-BD95-8B89449F948B}.Release|x86.Build.0 = Release|Win32
		{72161E79-57F8-4E42-A324-576FBA0624E4}.Debug|x64.ActiveCfg = Debug|x64
		{72161E79-57F8-4E42-A324-576FBA0624E4}.Debug|x64.Build.0 = Debug|x64
		{72161E79-57F8-4E42-A324-576FBA0624E4}.Debug|x86.ActiveCfg = Debug|Win32
		{72161E79-57F8-4E42-A324-576FBA0624E4}.Debug|x86.Build.0 = Debug|Win32
		{72161E79-57F8-4E42-A324-576FBA0624E4}.Release|x64.ActiveCfg = Release|x64
		{72161E79-57F8-4E42-A324-576FBA0624E4}.Release|x64.Build.0 = Release|x64
		{72161E79-57F8-4E42-A324-576FBA0624E4}.Release|x86.ActiveCfg = Release|Win32
		{72161E79-57F8-4E42-A324-576FBA0624E4}.Release|x86.Build.0 = Release|Win32
		{0BE29F1A-45CD-41C5-BDBE-0F8660730D6F}.Debug|x64.ActiveCfg = Debug|x64
		{0BE29F1A-45CD-41C5-BDBE-0F8660730D6F}.Debug|x64.Build.0 = Debug|x64
		{0BE29F1A-45CD-41C5-BDBE-0F8660730D6F}.Debug|x86.ActiveCfg = Debug|Win32
		{0BE29F1A-45CD-41C5-BDBE-0F8660730D6F}.Debug|x86.Build.0 = Debug|Win32
		{0BE29F1A-45CD-41C5-BDBE-0F8660730D6F}.Release|x64.ActiveCfg = Release|x64
		{0BE29F1A-45CD-41C5-BDBE-0F8660730D6F}.Release|x64.Build.0 = Release|x64
		{0BE29F1A-45CD-41C5-BDBE-0F8660730D6F}.Release|x86.ActiveCfg = Release|Win32
		{0BE29F1A-45CD-41C5-BDBE-0F8660730D6F}.Release|x86.Build.0 = Release|Win32
		{4E4FF038-767D-4DA6-830C-09CF56EA60EE}.Debug|x64.ActiveCfg = Debug|x64
		{4E4FF038-767D-4DA6-830C-09CF56EA60EE}.Debug|x64.Build.0 = Debug|x64
		{4E4FF038-767D-4DA6-830C-09CF56EA60EE}.Debug|x86.ActiveCfg = Debug|Win32
		{4E4FF038-767D-4DA6-830C-09CF56EA60EE}.Debug|x86.Build.0 = Debug|Win32
		{4E4FF038-767D-4DA6-830C-09CF56EA60EE}.Release|x64.ActiveCfg = Release|x64
		{4E4FF038-767D-4DA6-830C-09CF56EA60EE}.Release|x64.Build.0 = Release|x64
		{4E4FF038-767D-4DA6-830C-09CF56EA60EE}.Release|x86.ActiveCfg = Release|Win32
		{4E4FF038-767D-4DA6-830C-09CF56EA60EE}.Release|x86.Build.0 = Release|Win32
	EndGlobalSection
	GlobalSection(SolutionProperties) = preSolution
		HideSolutionNode = FALSE
	EndGlobalSection
	GlobalSection(ExtensibilityGlobals) = postSolution
		SolutionGuid = {5FDB1D38-A959-4F62-BB60-0E4B6FEF0C7F}
	EndGlobalSection
EndGlobal
